github.com/matjam/telnet v1.0.2 h1:XQs2lGB5A/n43O8k9Jtn1uAe7Kf3edjE5uWJ39elVak=
github.com/matjam/telnet v1.0.2/go.mod h1:z2RaUvbXKoBCuMD/S5fe0Z8BX9JqsfSjCqH2LoCG2jQ=
github.com/spf13/pflag v1.0.5 h1:iy+VFUOCP1a+8yFto/drg2CJ5u0yRoB7fZw3DKv/JXA=
github.com/spf13/pflag v1.0.5/go.mod h1:McXfInJRrz4CZXVZOBLb0bTZqETkiAhM9Iw0y3An2Bg=
